
Microsoft Visual Studio Solution File, Format Version 12.00
# Visual Studio Version 16
VisualStudioVersion = 16.0.30804.86
MinimumVisualStudioVersion = 10.0.40219.1
Project("{FAE04EC0-301F-11D3-BF4B-00C04F79EFBC}") = "InventoryAPI", "InventoryAPI\InventoryAPI.csproj", "{7206115A-2692-45F5-9299-24CE81853274}"
EndProject
Global
	GlobalSection(SolutionConfigurationPlatforms) = preSolution
		Debug|Any CPU = Debug|Any CPU
		Release|Any CPU = Release|Any CPU
	EndGlobalSection
	GlobalSection(ProjectConfigurationPlatforms) = postSolution
		{7206115A-2692-45F5-9299-24CE81853274}.Debug|Any CPU.ActiveCfg = Debug|Any CPU
		{7206115A-2692-45F5-9299-24CE81853274}.Debug|Any CPU.Build.0 = Debug|Any CPU
		{7206115A-2692-45F5-9299-24CE81853274}.Release|Any CPU.ActiveCfg = Release|Any CPU
		{7206115A-2692-45F5-9299-24CE81853274}.Release|Any CPU.Build.0 = Release|Any CPU
	EndGlobalSection
	GlobalSection(SolutionProperties) = preSolution
		HideSolutionNode = FALSE
	EndGlobalSection
	GlobalSection(ExtensibilityGlobals) = postSolution
		SolutionGuid = {5AFC4A62-89F6-4B01-BFA3-56C666C362F4}
	EndGlobalSection
EndGlobal
